
Microsoft Visual Studio Solution File, Format Version 12.00
# Visual Studio Version 17
VisualStudioVersion = 17.13.35828.75 d17.13
MinimumVisualStudioVersion = 10.0.40219.1
Project("{FAE04EC0-301F-11D3-BF4B-00C04F79EFBC}") = "QLKS", "QLKS\QLKS.csproj", "{246CDE8C-01E0-4B00-A9B0-3C6289381D19}"
EndProject
Global
	GlobalSection(SolutionConfigurationPlatforms) = preSolution
		Debug|Any CPU = Debug|Any CPU
		Release|Any CPU = Release|Any CPU
	EndGlobalSection
	GlobalSection(ProjectConfigurationPlatforms) = postSolution
		{246CDE8C-01E0-4B00-A9B0-3C6289381D19}.Debug|Any CPU.ActiveCfg = Debug|Any CPU
		{246CDE8C-01E0-4B00-A9B0-3C6289381D19}.Debug|Any CPU.Build.0 = Debug|Any CPU
		{246CDE8C-01E0-4B00-A9B0-3C6289381D19}.Release|Any CPU.ActiveCfg = Release|Any CPU
		{246CDE8C-01E0-4B00-A9B0-3C6289381D19}.Release|Any CPU.Build.0 = Release|Any CPU
	EndGlobalSection
	GlobalSection(SolutionProperties) = preSolution
		HideSolutionNode = FALSE
	EndGlobalSection
	GlobalSection(ExtensibilityGlobals) = postSolution
		SolutionGuid = {0921FE9A-21C1-4E28-9F5B-F54F3B452B5C}
	EndGlobalSection
EndGlobal
